
Microsoft Visual Studio Solution File, Format Version 12.00
# Visual Studio Version 18
VisualStudioVersion = 18.0.11222.15
MinimumVisualStudioVersion = 10.0.40219.1
Project("{FAE04EC0-301F-11D3-BF4B-00C04F79EFBC}") = "FirstClassErrors", "FirstClassErrors\FirstClassErrors.csproj", "{8DA5E330-53BC-4EA3-A9B8-916DABA3878C}"
EndProject
Project("{FAE04EC0-301F-11D3-BF4B-00C04F79EFBC}") = "FirstClassErrors.Usage", "FirstClassErrors.Usage\FirstClassErrors.Usage.csproj", "{EC3C3ADB-6347-4D56-8071-698E3B99FE4C}"
EndProject
Project("{FAE04EC0-301F-11D3-BF4B-00C04F79EFBC}") = "FirstClassErrors.GenDoc", "FirstClassErrors.GenDoc\FirstClassErrors.GenDoc.csproj", "{204E4D88-48A0-4254-969A-59DB4FA09335}"
EndProject
Project("{2150E333-8FDC-42A3-9474-1A3956D46DE8}") = "src", "src", "{02EA681E-C7D8-13C7-8484-4AC65E1B71E8}"
EndProject
Project("{2150E333-8FDC-42A3-9474-1A3956D46DE8}") = "tests", "tests", "{B7C3D08D-EFC5-4F5D-8DE4-5B7938354DBB}"
EndProject
Project("{FAE04EC0-301F-11D3-BF4B-00C04F79EFBC}") = "FirstClassErrors.UnitTests", "FirstClassErrors.UnitTests\FirstClassErrors.UnitTests.csproj", "{F3FE0461-63F5-47A2-A6D4-AFC4D6EA1335}"
EndProject
Project("{FAE04EC0-301F-11D3-BF4B-00C04F79EFBC}") = "FirstClassErrors.Cli", "FirstClassErrors.Cli\FirstClassErrors.Cli.csproj", "{2106AE5F-8407-465B-AB0C-486127A53742}"
EndProject
Project("{FAE04EC0-301F-11D3-BF4B-00C04F79EFBC}") = "FirstClassErrors.GenDoc.Worker", "FirstClassErrors.GenDoc.Worker\FirstClassErrors.GenDoc.Worker.csproj", "{032D7F17-DBF8-49D6-86A8-E751ADB33D53}"
EndProject
Project("{FAE04EC0-301F-11D3-BF4B-00C04F79EFBC}") = "FirstClassErrors.GenDoc.UnitTests", "FirstClassErrors.GenDoc.UnitTests\FirstClassErrors.GenDoc.UnitTests.csproj", "{D8B4E1F6-2C7A-4F93-8B05-1E6D9A3C4B72}"
EndProject
Project("{FAE04EC0-301F-11D3-BF4B-00C04F79EFBC}") = "FirstClassErrors.Analyzers", "FirstClassErrors.Analyzers\FirstClassErrors.Analyzers.csproj", "{47052422-15BC-482A-8FC0-65F9AAAB0291}"
EndProject
Project("{FAE04EC0-301F-11D3-BF4B-00C04F79EFBC}") = "FirstClassErrors.Analyzers.UnitTests", "FirstClassErrors.Analyzers.UnitTests\FirstClassErrors.Analyzers.UnitTests.csproj", "{2BE1F2DB-4A9E-4616-89BA-9A597B721217}"
EndProject
Project("{2150E333-8FDC-42A3-9474-1A3956D46DE8}") = "Solution Items", "Solution Items", "{C331E842-DDA5-408B-94CB-D28F1BAFF920}"
	ProjectSection(SolutionItems) = preProject
		.gitignore = .gitignore
		LICENSE = LICENSE
	EndProjectSection
EndProject
Project("{FAE04EC0-301F-11D3-BF4B-00C04F79EFBC}") = "FirstClassErrors.Documentation", "doc\FirstClassErrors.Documentation.csproj", "{0FD6C7A3-6832-491A-96C1-F33F62C56EEB}"
EndProject
Project("{2150E333-8FDC-42A3-9474-1A3956D46DE8}") = "doc", "doc", "{F75115F0-25B9-49BC-AE36-A39F2175727A}"
EndProject
Project("{FAE04EC0-301F-11D3-BF4B-00C04F79EFBC}") = "FirstClassErrors.Testing", "FirstClassErrors.Testing\FirstClassErrors.Testing.csproj", "{A3966512-E54A-4C4F-BFF9-AF5B1A0B132C}"
EndProject
Project("{FAE04EC0-301F-11D3-BF4B-00C04F79EFBC}") = "FirstClassErrors.Cli.UnitTests", "FirstClassErrors.Cli.UnitTests\FirstClassErrors.Cli.UnitTests.csproj", "{E7C09549-AD25-433A-8C56-920D26843E9D}"
EndProject
Project("{FAE04EC0-301F-11D3-BF4B-00C04F79EFBC}") = "FirstClassErrors.PropertyTests", "FirstClassErrors.PropertyTests\FirstClassErrors.PropertyTests.csproj", "{BB28120C-1D68-469D-928A-51AE454D2487}"
EndProject
Project("{FAE04EC0-301F-11D3-BF4B-00C04F79EFBC}") = "FirstClassErrors.RequestBinder", "FirstClassErrors.RequestBinder\FirstClassErrors.RequestBinder.csproj", "{7991C766-2720-43E5-A9CB-2F3D6C2025FC}"
EndProject
Project("{FAE04EC0-301F-11D3-BF4B-00C04F79EFBC}") = "FirstClassErrors.RequestBinder.UnitTests", "FirstClassErrors.RequestBinder.UnitTests\FirstClassErrors.RequestBinder.UnitTests.csproj", "{75EA57DD-0128-4EB9-ADBE-567BFF602A93}"
EndProject
Project("{FAE04EC0-301F-11D3-BF4B-00C04F79EFBC}") = "Dummies", "Dummies\Dummies.csproj", "{F2C739E7-6F2E-4256-9C87-9D6F1168DF4A}"
EndProject
Project("{FAE04EC0-301F-11D3-BF4B-00C04F79EFBC}") = "Dummies.UnitTests", "Dummies.UnitTests\Dummies.UnitTests.csproj", "{BC4F2BE8-55C9-4AA4-90FA-699EC83A8985}"
EndProject
Project("{FAE04EC0-301F-11D3-BF4B-00C04F79EFBC}") = "FirstClassErrors.RequestBinder.PropertyTests", "FirstClassErrors.RequestBinder.PropertyTests\FirstClassErrors.RequestBinder.PropertyTests.csproj", "{1FC2C501-8842-4ABE-845E-000ED6575DD6}"
EndProject
Project("{FAE04EC0-301F-11D3-BF4B-00C04F79EFBC}") = "FirstClassErrors.RequestBinder.Usage", "FirstClassErrors.RequestBinder.Usage\FirstClassErrors.RequestBinder.Usage.csproj", "{D12EE45B-78F8-4CD4-8E67-E4A9DDA01AE6}"
EndProject
Project("{FAE04EC0-301F-11D3-BF4B-00C04F79EFBC}") = "FirstClassErrors.RequestBinder.Usage.UnitTests", "FirstClassErrors.RequestBinder.Usage.UnitTests\FirstClassErrors.RequestBinder.Usage.UnitTests.csproj", "{04707ACA-FB2E-43BF-A12C-28E01BF5F60D}"
EndProject
Project("{FAE04EC0-301F-11D3-BF4B-00C04F79EFBC}") = "FirstClassErrors.RequestBinder.Benchmarks", "FirstClassErrors.RequestBinder.Benchmarks\FirstClassErrors.RequestBinder.Benchmarks.csproj", "{1201EA34-8F50-41B8-B829-FCCB62A5F14B}"
EndProject
Project("{FAE04EC0-301F-11D3-BF4B-00C04F79EFBC}") = "FirstClassErrors.Testing.UnitTests", "FirstClassErrors.Testing.UnitTests\FirstClassErrors.Testing.UnitTests.csproj", "{74E68697-7C00-401C-84A9-7BF8DAFD9D34}"
EndProject
Global
	GlobalSection(SolutionConfigurationPlatforms) = preSolution
		Debug|Any CPU = Debug|Any CPU
		Debug|x64 = Debug|x64
		Debug|x86 = Debug|x86
		Release|Any CPU = Release|Any CPU
		Release|x64 = Release|x64
		Release|x86 = Release|x86
	EndGlobalSection
	GlobalSection(ProjectConfigurationPlatforms) = postSolution
		{8DA5E330-53BC-4EA3-A9B8-916DABA3878C}.Debug|Any CPU.ActiveCfg = Debug|Any CPU
		{8DA5E330-53BC-4EA3-A9B8-916DABA3878C}.Debug|Any CPU.Build.0 = Debug|Any CPU
		{8DA5E330-53BC-4EA3-A9B8-916DABA3878C}.Debug|x64.ActiveCfg = Debug|Any CPU
		{8DA5E330-53BC-4EA3-A9B8-916DABA3878C}.Debug|x64.Build.0 = Debug|Any CPU
		{8DA5E330-53BC-4EA3-A9B8-916DABA3878C}.Debug|x86.ActiveCfg = Debug|Any CPU
		{8DA5E330-53BC-4EA3-A9B8-916DABA3878C}.Debug|x86.Build.0 = Debug|Any CPU
		{8DA5E330-53BC-4EA3-A9B8-916DABA3878C}.Release|Any CPU.ActiveCfg = Release|Any CPU
		{8DA5E330-53BC-4EA3-A9B8-916DABA3878C}.Release|Any CPU.Build.0 = Release|Any CPU
		{8DA5E330-53BC-4EA3-A9B8-916DABA3878C}.Release|x64.ActiveCfg = Release|Any CPU
		{8DA5E330-53BC-4EA3-A9B8-916DABA3878C}.Release|x64.Build.0 = Release|Any CPU
		{8DA5E330-53BC-4EA3-A9B8-916DABA3878C}.Release|x86.ActiveCfg = Release|Any CPU
		{8DA5E330-53BC-4EA3-A9B8-916DABA3878C}.Release|x86.Build.0 = Release|Any CPU
		{EC3C3ADB-6347-4D56-8071-698E3B99FE4C}.Debug|Any CPU.ActiveCfg = Debug|Any CPU
		{EC3C3ADB-6347-4D56-8071-698E3B99FE4C}.Debug|Any CPU.Build.0 = Debug|Any CPU
		{EC3C3ADB-6347-4D56-8071-698E3B99FE4C}.Debug|x64.ActiveCfg = Debug|Any CPU
		{EC3C3ADB-6347-4D56-8071-698E3B99FE4C}.Debug|x64.Build.0 = Debug|Any CPU
		{EC3C3ADB-6347-4D56-8071-698E3B99FE4C}.Debug|x86.ActiveCfg = Debug|Any CPU
		{EC3C3ADB-6347-4D56-8071-698E3B99FE4C}.Debug|x86.Build.0 = Debug|Any CPU
		{EC3C3ADB-6347-4D56-8071-698E3B99FE4C}.Release|Any CPU.ActiveCfg = Release|Any CPU
		{EC3C3ADB-6347-4D56-8071-698E3B99FE4C}.Release|Any CPU.Build.0 = Release|Any CPU
		{EC3C3ADB-6347-4D56-8071-698E3B99FE4C}.Release|x64.ActiveCfg = Release|Any CPU
		{EC3C3ADB-6347-4D56-8071-698E3B99FE4C}.Release|x64.Build.0 = Release|Any CPU
		{EC3C3ADB-6347-4D56-8071-698E3B99FE4C}.Release|x86.ActiveCfg = Release|Any CPU
		{EC3C3ADB-6347-4D56-8071-698E3B99FE4C}.Release|x86.Build.0 = Release|Any CPU
		{204E4D88-48A0-4254-969A-59DB4FA09335}.Debug|Any CPU.ActiveCfg = Debug|Any CPU
		{204E4D88-48A0-4254-969A-59DB4FA09335}.Debug|Any CPU.Build.0 = Debug|Any CPU
		{204E4D88-48A0-4254-969A-59DB4FA09335}.Debug|x64.ActiveCfg = Debug|Any CPU
		{204E4D88-48A0-4254-969A-59DB4FA09335}.Debug|x64.Build.0 = Debug|Any CPU
		{204E4D88-48A0-4254-969A-59DB4FA09335}.Debug|x86.ActiveCfg = Debug|Any CPU
		{204E4D88-48A0-4254-969A-59DB4FA09335}.Debug|x86.Build.0 = Debug|Any CPU
		{204E4D88-48A0-4254-969A-59DB4FA09335}.Release|Any CPU.ActiveCfg = Release|Any CPU
		{204E4D88-48A0-4254-969A-59DB4FA09335}.Release|Any CPU.Build.0 = Release|Any CPU
		{204E4D88-48A0-4254-969A-59DB4FA09335}.Release|x64.ActiveCfg = Release|Any CPU
		{204E4D88-48A0-4254-969A-59DB4FA09335}.Release|x64.Build.0 = Release|Any CPU
		{204E4D88-48A0-4254-969A-59DB4FA09335}.Release|x86.ActiveCfg = Release|Any CPU
		{204E4D88-48A0-4254-969A-59DB4FA09335}.Release|x86.Build.0 = Release|Any CPU
		{F3FE0461-63F5-47A2-A6D4-AFC4D6EA1335}.Debug|Any CPU.ActiveCfg = Debug|Any CPU
		{F3FE0461-63F5-47A2-A6D4-AFC4D6EA1335}.Debug|Any CPU.Build.0 = Debug|Any CPU
		{F3FE0461-63F5-47A2-A6D4-AFC4D6EA1335}.Debug|x64.ActiveCfg = Debug|Any CPU
		{F3FE0461-63F5-47A2-A6D4-AFC4D6EA1335}.Debug|x64.Build.0 = Debug|Any CPU
		{F3FE0461-63F5-47A2-A6D4-AFC4D6EA1335}.Debug|x86.ActiveCfg = Debug|Any CPU
		{F3FE0461-63F5-47A2-A6D4-AFC4D6EA1335}.Debug|x86.Build.0 = Debug|Any CPU
		{F3FE0461-63F5-47A2-A6D4-AFC4D6EA1335}.Release|Any CPU.ActiveCfg = Release|Any CPU
		{F3FE0461-63F5-47A2-A6D4-AFC4D6EA1335}.Release|Any CPU.Build.0 = Release|Any CPU
		{F3FE0461-63F5-47A2-A6D4-AFC4D6EA1335}.Release|x64.ActiveCfg = Release|Any CPU
		{F3FE0461-63F5-47A2-A6D4-AFC4D6EA1335}.Release|x64.Build.0 = Release|Any CPU
		{F3FE0461-63F5-47A2-A6D4-AFC4D6EA1335}.Release|x86.ActiveCfg = Release|Any CPU
		{F3FE0461-63F5-47A2-A6D4-AFC4D6EA1335}.Release|x86.Build.0 = Release|Any CPU
		{2106AE5F-8407-465B-AB0C-486127A53742}.Debug|Any CPU.ActiveCfg = Debug|Any CPU
		{2106AE5F-8407-465B-AB0C-486127A53742}.Debug|Any CPU.Build.0 = Debug|Any CPU
		{2106AE5F-8407-465B-AB0C-486127A53742}.Debug|x64.ActiveCfg = Debug|Any CPU
		{2106AE5F-8407-465B-AB0C-486127A53742}.Debug|x64.Build.0 = Debug|Any CPU
		{2106AE5F-8407-465B-AB0C-486127A53742}.Debug|x86.ActiveCfg = Debug|Any CPU
		{2106AE5F-8407-465B-AB0C-486127A53742}.Debug|x86.Build.0 = Debug|Any CPU
		{2106AE5F-8407-465B-AB0C-486127A53742}.Release|Any CPU.ActiveCfg = Release|Any CPU
		{2106AE5F-8407-465B-AB0C-486127A53742}.Release|Any CPU.Build.0 = Release|Any CPU
		{2106AE5F-8407-465B-AB0C-486127A53742}.Release|x64.ActiveCfg = Release|Any CPU
		{2106AE5F-8407-465B-AB0C-486127A53742}.Release|x64.Build.0 = Release|Any CPU
		{2106AE5F-8407-465B-AB0C-486127A53742}.Release|x86.ActiveCfg = Release|Any CPU
		{2106AE5F-8407-465B-AB0C-486127A53742}.Release|x86.Build.0 = Release|Any CPU
		{032D7F17-DBF8-49D6-86A8-E751ADB33D53}.Debug|Any CPU.ActiveCfg = Debug|Any CPU
		{032D7F17-DBF8-49D6-86A8-E751ADB33D53}.Debug|Any CPU.Build.0 = Debug|Any CPU
		{032D7F17-DBF8-49D6-86A8-E751ADB33D53}.Debug|x64.ActiveCfg = Debug|Any CPU
		{032D7F17-DBF8-49D6-86A8-E751ADB33D53}.Debug|x64.Build.0 = Debug|Any CPU
		{032D7F17-DBF8-49D6-86A8-E751ADB33D53}.Debug|x86.ActiveCfg = Debug|Any CPU
		{032D7F17-DBF8-49D6-86A8-E751ADB33D53}.Debug|x86.Build.0 = Debug|Any CPU
		{032D7F17-DBF8-49D6-86A8-E751ADB33D53}.Release|Any CPU.ActiveCfg = Release|Any CPU
		{032D7F17-DBF8-49D6-86A8-E751ADB33D53}.Release|Any CPU.Build.0 = Release|Any CPU
		{032D7F17-DBF8-49D6-86A8-E751ADB33D53}.Release|x64.ActiveCfg = Release|Any CPU
		{032D7F17-DBF8-49D6-86A8-E751ADB33D53}.Release|x64.Build.0 = Release|Any CPU
		{032D7F17-DBF8-49D6-86A8-E751ADB33D53}.Release|x86.ActiveCfg = Release|Any CPU
		{032D7F17-DBF8-49D6-86A8-E751ADB33D53}.Release|x86.Build.0 = Release|Any CPU
		{D8B4E1F6-2C7A-4F93-8B05-1E6D9A3C4B72}.Debug|Any CPU.ActiveCfg = Debug|Any CPU
		{D8B4E1F6-2C7A-4F93-8B05-1E6D9A3C4B72}.Debug|Any CPU.Build.0 = Debug|Any CPU
		{D8B4E1F6-2C7A-4F93-8B05-1E6D9A3C4B72}.Debug|x64.ActiveCfg = Debug|Any CPU
		{D8B4E1F6-2C7A-4F93-8B05-1E6D9A3C4B72}.Debug|x64.Build.0 = Debug|Any CPU
		{D8B4E1F6-2C7A-4F93-8B05-1E6D9A3C4B72}.Debug|x86.ActiveCfg = Debug|Any CPU
		{D8B4E1F6-2C7A-4F93-8B05-1E6D9A3C4B72}.Debug|x86.Build.0 = Debug|Any CPU
		{D8B4E1F6-2C7A-4F93-8B05-1E6D9A3C4B72}.Release|Any CPU.ActiveCfg = Release|Any CPU
		{D8B4E1F6-2C7A-4F93-8B05-1E6D9A3C4B72}.Release|Any CPU.Build.0 = Release|Any CPU
		{D8B4E1F6-2C7A-4F93-8B05-1E6D9A3C4B72}.Release|x64.ActiveCfg = Release|Any CPU
		{D8B4E1F6-2C7A-4F93-8B05-1E6D9A3C4B72}.Release|x64.Build.0 = Release|Any CPU
		{D8B4E1F6-2C7A-4F93-8B05-1E6D9A3C4B72}.Release|x86.ActiveCfg = Release|Any CPU
		{D8B4E1F6-2C7A-4F93-8B05-1E6D9A3C4B72}.Release|x86.Build.0 = Release|Any CPU
		{47052422-15BC-482A-8FC0-65F9AAAB0291}.Debug|Any CPU.ActiveCfg = Debug|Any CPU
		{47052422-15BC-482A-8FC0-65F9AAAB0291}.Debug|Any CPU.Build.0 = Debug|Any CPU
		{47052422-15BC-482A-8FC0-65F9AAAB0291}.Debug|x64.ActiveCfg = Debug|Any CPU
		{47052422-15BC-482A-8FC0-65F9AAAB0291}.Debug|x64.Build.0 = Debug|Any CPU
		{47052422-15BC-482A-8FC0-65F9AAAB0291}.Debug|x86.ActiveCfg = Debug|Any CPU
		{47052422-15BC-482A-8FC0-65F9AAAB0291}.Debug|x86.Build.0 = Debug|Any CPU
		{47052422-15BC-482A-8FC0-65F9AAAB0291}.Release|Any CPU.ActiveCfg = Release|Any CPU
		{47052422-15BC-482A-8FC0-65F9AAAB0291}.Release|Any CPU.Build.0 = Release|Any CPU
		{47052422-15BC-482A-8FC0-65F9AAAB0291}.Release|x64.ActiveCfg = Release|Any CPU
		{47052422-15BC-482A-8FC0-65F9AAAB0291}.Release|x64.Build.0 = Release|Any CPU
		{47052422-15BC-482A-8FC0-65F9AAAB0291}.Release|x86.ActiveCfg = Release|Any CPU
		{47052422-15BC-482A-8FC0-65F9AAAB0291}.Release|x86.Build.0 = Release|Any CPU
		{2BE1F2DB-4A9E-4616-89BA-9A597B721217}.Debug|Any CPU.ActiveCfg = Debug|Any CPU
		{2BE1F2DB-4A9E-4616-89BA-9A597B721217}.Debug|Any CPU.Build.0 = Debug|Any CPU
		{2BE1F2DB-4A9E-4616-89BA-9A597B721217}.Debug|x64.ActiveCfg = Debug|Any CPU
		{2BE1F2DB-4A9E-4616-89BA-9A597B721217}.Debug|x64.Build.0 = Debug|Any CPU
		{2BE1F2DB-4A9E-4616-89BA-9A597B721217}.Debug|x86.ActiveCfg = Debug|Any CPU
		{2BE1F2DB-4A9E-4616-89BA-9A597B721217}.Debug|x86.Build.0 = Debug|Any CPU
		{2BE1F2DB-4A9E-4616-89BA-9A597B721217}.Release|Any CPU.ActiveCfg = Release|Any CPU
		{2BE1F2DB-4A9E-4616-89BA-9A597B721217}.Release|Any CPU.Build.0 = Release|Any CPU
		{2BE1F2DB-4A9E-4616-89BA-9A597B721217}.Release|x64.ActiveCfg = Release|Any CPU
		{2BE1F2DB-4A9E-4616-89BA-9A597B721217}.Release|x64.Build.0 = Release|Any CPU
		{2BE1F2DB-4A9E-4616-89BA-9A597B721217}.Release|x86.ActiveCfg = Release|Any CPU
		{2BE1F2DB-4A9E-4616-89BA-9A597B721217}.Release|x86.Build.0 = Release|Any CPU
		{0FD6C7A3-6832-491A-96C1-F33F62C56EEB}.Debug|Any CPU.ActiveCfg = Debug|Any CPU
		{0FD6C7A3-6832-491A-96C1-F33F62C56EEB}.Debug|x64.ActiveCfg = Debug|Any CPU
		{0FD6C7A3-6832-491A-96C1-F33F62C56EEB}.Debug|x64.Build.0 = Debug|Any CPU
		{0FD6C7A3-6832-491A-96C1-F33F62C56EEB}.Debug|x86.ActiveCfg = Debug|Any CPU
		{0FD6C7A3-6832-491A-96C1-F33F62C56EEB}.Debug|x86.Build.0 = Debug|Any CPU
		{0FD6C7A3-6832-491A-96C1-F33F62C56EEB}.Release|Any CPU.ActiveCfg = Release|Any CPU
		{0FD6C7A3-6832-491A-96C1-F33F62C56EEB}.Release|x64.ActiveCfg = Release|Any CPU
		{0FD6C7A3-6832-491A-96C1-F33F62C56EEB}.Release|x64.Build.0 = Release|Any CPU
		{0FD6C7A3-6832-491A-96C1-F33F62C56EEB}.Release|x86.ActiveCfg = Release|Any CPU
		{0FD6C7A3-6832-491A-96C1-F33F62C56EEB}.Release|x86.Build.0 = Release|Any CPU
		{A3966512-E54A-4C4F-BFF9-AF5B1A0B132C}.Debug|Any CPU.ActiveCfg = Debug|Any CPU
		{A3966512-E54A-4C4F-BFF9-AF5B1A0B132C}.Debug|Any CPU.Build.0 = Debug|Any CPU
		{A3966512-E54A-4C4F-BFF9-AF5B1A0B132C}.Debug|x64.ActiveCfg = Debug|Any CPU
		{A3966512-E54A-4C4F-BFF9-AF5B1A0B132C}.Debug|x64.Build.0 = Debug|Any CPU
		{A3966512-E54A-4C4F-BFF9-AF5B1A0B132C}.Debug|x86.ActiveCfg = Debug|Any CPU
		{A3966512-E54A-4C4F-BFF9-AF5B1A0B132C}.Debug|x86.Build.0 = Debug|Any CPU
		{A3966512-E54A-4C4F-BFF9-AF5B1A0B132C}.Release|Any CPU.ActiveCfg = Release|Any CPU
		{A3966512-E54A-4C4F-BFF9-AF5B1A0B132C}.Release|Any CPU.Build.0 = Release|Any CPU
		{A3966512-E54A-4C4F-BFF9-AF5B1A0B132C}.Release|x64.ActiveCfg = Release|Any CPU
		{A3966512-E54A-4C4F-BFF9-AF5B1A0B132C}.Release|x64.Build.0 = Release|Any CPU
		{A3966512-E54A-4C4F-BFF9-AF5B1A0B132C}.Release|x86.ActiveCfg = Release|Any CPU
		{A3966512-E54A-4C4F-BFF9-AF5B1A0B132C}.Release|x86.Build.0 = Release|Any CPU
		{E7C09549-AD25-433A-8C56-920D26843E9D}.Debug|Any CPU.ActiveCfg = Debug|Any CPU
		{E7C09549-AD25-433A-8C56-920D26843E9D}.Debug|Any CPU.Build.0 = Debug|Any CPU
		{E7C09549-AD25-433A-8C56-920D26843E9D}.Debug|x64.ActiveCfg = Debug|Any CPU
		{E7C09549-AD25-433A-8C56-920D26843E9D}.Debug|x64.Build.0 = Debug|Any CPU
		{E7C09549-AD25-433A-8C56-920D26843E9D}.Debug|x86.ActiveCfg = Debug|Any CPU
		{E7C09549-AD25-433A-8C56-920D26843E9D}.Debug|x86.Build.0 = Debug|Any CPU
		{E7C09549-AD25-433A-8C56-920D26843E9D}.Release|Any CPU.ActiveCfg = Release|Any CPU
		{E7C09549-AD25-433A-8C56-920D26843E9D}.Release|Any CPU.Build.0 = Release|Any CPU
		{E7C09549-AD25-433A-8C56-920D26843E9D}.Release|x64.ActiveCfg = Release|Any CPU
		{E7C09549-AD25-433A-8C56-920D26843E9D}.Release|x64.Build.0 = Release|Any CPU
		{E7C09549-AD25-433A-8C56-920D26843E9D}.Release|x86.ActiveCfg = Release|Any CPU
		{E7C09549-AD25-433A-8C56-920D26843E9D}.Release|x86.Build.0 = Release|Any CPU
		{BB28120C-1D68-469D-928A-51AE454D2487}.Debug|Any CPU.ActiveCfg = Debug|Any CPU
		{BB28120C-1D68-469D-928A-51AE454D2487}.Debug|Any CPU.Build.0 = Debug|Any CPU
		{BB28120C-1D68-469D-928A-51AE454D2487}.Debug|x64.ActiveCfg = Debug|Any CPU
		{BB28120C-1D68-469D-928A-51AE454D2487}.Debug|x64.Build.0 = Debug|Any CPU
		{BB28120C-1D68-469D-928A-51AE454D2487}.Debug|x86.ActiveCfg = Debug|Any CPU
		{BB28120C-1D68-469D-928A-51AE454D2487}.Debug|x86.Build.0 = Debug|Any CPU
		{BB28120C-1D68-469D-928A-51AE454D2487}.Release|Any CPU.ActiveCfg = Release|Any CPU
		{BB28120C-1D68-469D-928A-51AE454D2487}.Release|Any CPU.Build.0 = Release|Any CPU
		{BB28120C-1D68-469D-928A-51AE454D2487}.Release|x64.ActiveCfg = Release|Any CPU
		{BB28120C-1D68-469D-928A-51AE454D2487}.Release|x64.Build.0 = Release|Any CPU
		{BB28120C-1D68-469D-928A-51AE454D2487}.Release|x86.ActiveCfg = Release|Any CPU
		{BB28120C-1D68-469D-928A-51AE454D2487}.Release|x86.Build.0 = Release|Any CPU
		{7991C766-2720-43E5-A9CB-2F3D6C2025FC}.Debug|Any CPU.ActiveCfg = Debug|Any CPU
		{7991C766-2720-43E5-A9CB-2F3D6C2025FC}.Debug|Any CPU.Build.0 = Debug|Any CPU
		{7991C766-2720-43E5-A9CB-2F3D6C2025FC}.Debug|x64.ActiveCfg = Debug|Any CPU
		{7991C766-2720-43E5-A9CB-2F3D6C2025FC}.Debug|x64.Build.0 = Debug|Any CPU
		{7991C766-2720-43E5-A9CB-2F3D6C2025FC}.Debug|x86.ActiveCfg = Debug|Any CPU
		{7991C766-2720-43E5-A9CB-2F3D6C2025FC}.Debug|x86.Build.0 = Debug|Any CPU
		{7991C766-2720-43E5-A9CB-2F3D6C2025FC}.Release|Any CPU.ActiveCfg = Release|Any CPU
		{7991C766-2720-43E5-A9CB-2F3D6C2025FC}.Release|Any CPU.Build.0 = Release|Any CPU
		{7991C766-2720-43E5-A9CB-2F3D6C2025FC}.Release|x64.ActiveCfg = Release|Any CPU
		{7991C766-2720-43E5-A9CB-2F3D6C2025FC}.Release|x64.Build.0 = Release|Any CPU
		{7991C766-2720-43E5-A9CB-2F3D6C2025FC}.Release|x86.ActiveCfg = Release|Any CPU
		{7991C766-2720-43E5-A9CB-2F3D6C2025FC}.Release|x86.Build.0 = Release|Any CPU
		{75EA57DD-0128-4EB9-ADBE-567BFF602A93}.Debug|Any CPU.ActiveCfg = Debug|Any CPU
		{75EA57DD-0128-4EB9-ADBE-567BFF602A93}.Debug|Any CPU.Build.0 = Debug|Any CPU
		{75EA57DD-0128-4EB9-ADBE-567BFF602A93}.Debug|x64.ActiveCfg = Debug|Any CPU
		{75EA57DD-0128-4EB9-ADBE-567BFF602A93}.Debug|x64.Build.0 = Debug|Any CPU
		{75EA57DD-0128-4EB9-ADBE-567BFF602A93}.Debug|x86.ActiveCfg = Debug|Any CPU
		{75EA57DD-0128-4EB9-ADBE-567BFF602A93}.Debug|x86.Build.0 = Debug|Any CPU
		{75EA57DD-0128-4EB9-ADBE-567BFF602A93}.Release|Any CPU.ActiveCfg = Release|Any CPU
		{75EA57DD-0128-4EB9-ADBE-567BFF602A93}.Release|Any CPU.Build.0 = Release|Any CPU
		{75EA57DD-0128-4EB9-ADBE-567BFF602A93}.Release|x64.ActiveCfg = Release|Any CPU
		{75EA57DD-0128-4EB9-ADBE-567BFF602A93}.Release|x64.Build.0 = Release|Any CPU
		{75EA57DD-0128-4EB9-ADBE-567BFF602A93}.Release|x86.ActiveCfg = Release|Any CPU
		{75EA57DD-0128-4EB9-ADBE-567BFF602A93}.Release|x86.Build.0 = Release|Any CPU
		{F2C739E7-6F2E-4256-9C87-9D6F1168DF4A}.Debug|Any CPU.ActiveCfg = Debug|Any CPU
		{F2C739E7-6F2E-4256-9C87-9D6F1168DF4A}.Debug|Any CPU.Build.0 = Debug|Any CPU
		{F2C739E7-6F2E-4256-9C87-9D6F1168DF4A}.Debug|x64.ActiveCfg = Debug|Any CPU
		{F2C739E7-6F2E-4256-9C87-9D6F1168DF4A}.Debug|x64.Build.0 = Debug|Any CPU
		{F2C739E7-6F2E-4256-9C87-9D6F1168DF4A}.Debug|x86.ActiveCfg = Debug|Any CPU
		{F2C739E7-6F2E-4256-9C87-9D6F1168DF4A}.Debug|x86.Build.0 = Debug|Any CPU
		{F2C739E7-6F2E-4256-9C87-9D6F1168DF4A}.Release|Any CPU.ActiveCfg = Release|Any CPU
		{F2C739E7-6F2E-4256-9C87-9D6F1168DF4A}.Release|Any CPU.Build.0 = Release|Any CPU
		{F2C739E7-6F2E-4256-9C87-9D6F1168DF4A}.Release|x64.ActiveCfg = Release|Any CPU
		{F2C739E7-6F2E-4256-9C87-9D6F1168DF4A}.Release|x64.Build.0 = Release|Any CPU
		{F2C739E7-6F2E-4256-9C87-9D6F1168DF4A}.Release|x86.ActiveCfg = Release|Any CPU
		{F2C739E7-6F2E-4256-9C87-9D6F1168DF4A}.Release|x86.Build.0 = Release|Any CPU
		{BC4F2BE8-55C9-4AA4-90FA-699EC83A8985}.Debug|Any CPU.ActiveCfg = Debug|Any CPU
		{BC4F2BE8-55C9-4AA4-90FA-699EC83A8985}.Debug|Any CPU.Build.0 = Debug|Any CPU
		{BC4F2BE8-55C9-4AA4-90FA-699EC83A8985}.Debug|x64.ActiveCfg = Debug|Any CPU
		{BC4F2BE8-55C9-4AA4-90FA-699EC83A8985}.Debug|x64.Build.0 = Debug|Any CPU
		{BC4F2BE8-55C9-4AA4-90FA-699EC83A8985}.Debug|x86.ActiveCfg = Debug|Any CPU
		{BC4F2BE8-55C9-4AA4-90FA-699EC83A8985}.Debug|x86.Build.0 = Debug|Any CPU
		{BC4F2BE8-55C9-4AA4-90FA-699EC83A8985}.Release|Any CPU.ActiveCfg = Release|Any CPU
		{BC4F2BE8-55C9-4AA4-90FA-699EC83A8985}.Release|Any CPU.Build.0 = Release|Any CPU
		{BC4F2BE8-55C9-4AA4-90FA-699EC83A8985}.Release|x64.ActiveCfg = Release|Any CPU
		{BC4F2BE8-55C9-4AA4-90FA-699EC83A8985}.Release|x64.Build.0 = Release|Any CPU
		{BC4F2BE8-55C9-4AA4-90FA-699EC83A8985}.Release|x86.ActiveCfg = Release|Any CPU
		{BC4F2BE8-55C9-4AA4-90FA-699EC83A8985}.Release|x86.Build.0 = Release|Any CPU
		{1FC2C501-8842-4ABE-845E-000ED6575DD6}.Debug|Any CPU.ActiveCfg = Debug|Any CPU
		{1FC2C501-8842-4ABE-845E-000ED6575DD6}.Debug|Any CPU.Build.0 = Debug|Any CPU
		{1FC2C501-8842-4ABE-845E-000ED6575DD6}.Debug|x64.ActiveCfg = Debug|Any CPU
		{1FC2C501-8842-4ABE-845E-000ED6575DD6}.Debug|x64.Build.0 = Debug|Any CPU
		{1FC2C501-8842-4ABE-845E-000ED6575DD6}.Debug|x86.ActiveCfg = Debug|Any CPU
		{1FC2C501-8842-4ABE-845E-000ED6575DD6}.Debug|x86.Build.0 = Debug|Any CPU
		{1FC2C501-8842-4ABE-845E-000ED6575DD6}.Release|Any CPU.ActiveCfg = Release|Any CPU
		{1FC2C501-8842-4ABE-845E-000ED6575DD6}.Release|Any CPU.Build.0 = Release|Any CPU
		{1FC2C501-8842-4ABE-845E-000ED6575DD6}.Release|x64.ActiveCfg = Release|Any CPU
		{1FC2C501-8842-4ABE-845E-000ED6575DD6}.Release|x64.Build.0 = Release|Any CPU
		{1FC2C501-8842-4ABE-845E-000ED6575DD6}.Release|x86.ActiveCfg = Release|Any CPU
		{1FC2C501-8842-4ABE-845E-000ED6575DD6}.Release|x86.Build.0 = Release|Any CPU
		{D12EE45B-78F8-4CD4-8E67-E4A9DDA01AE6}.Debug|Any CPU.ActiveCfg = Debug|Any CPU
		{D12EE45B-78F8-4CD4-8E67-E4A9DDA01AE6}.Debug|Any CPU.Build.0 = Debug|Any CPU
		{D12EE45B-78F8-4CD4-8E67-E4A9DDA01AE6}.Debug|x64.ActiveCfg = Debug|Any CPU
		{D12EE45B-78F8-4CD4-8E67-E4A9DDA01AE6}.Debug|x64.Build.0 = Debug|Any CPU
		{D12EE45B-78F8-4CD4-8E67-E4A9DDA01AE6}.Debug|x86.ActiveCfg = Debug|Any CPU
		{D12EE45B-78F8-4CD4-8E67-E4A9DDA01AE6}.Debug|x86.Build.0 = Debug|Any CPU
		{D12EE45B-78F8-4CD4-8E67-E4A9DDA01AE6}.Release|Any CPU.ActiveCfg = Release|Any CPU
		{D12EE45B-78F8-4CD4-8E67-E4A9DDA01AE6}.Release|Any CPU.Build.0 = Release|Any CPU
		{D12EE45B-78F8-4CD4-8E67-E4A9DDA01AE6}.Release|x64.ActiveCfg = Release|Any CPU
		{D12EE45B-78F8-4CD4-8E67-E4A9DDA01AE6}.Release|x64.Build.0 = Release|Any CPU
		{D12EE45B-78F8-4CD4-8E67-E4A9DDA01AE6}.Release|x86.ActiveCfg = Release|Any CPU
		{D12EE45B-78F8-4CD4-8E67-E4A9DDA01AE6}.Release|x86.Build.0 = Release|Any CPU
		{04707ACA-FB2E-43BF-A12C-28E01BF5F60D}.Debug|Any CPU.ActiveCfg = Debug|Any CPU
		{04707ACA-FB2E-43BF-A12C-28E01BF5F60D}.Debug|Any CPU.Build.0 = Debug|Any CPU
		{04707ACA-FB2E-43BF-A12C-28E01BF5F60D}.Debug|x64.ActiveCfg = Debug|Any CPU
		{04707ACA-FB2E-43BF-A12C-28E01BF5F60D}.Debug|x64.Build.0 = Debug|Any CPU
		{04707ACA-FB2E-43BF-A12C-28E01BF5F60D}.Debug|x86.ActiveCfg = Debug|Any CPU
		{04707ACA-FB2E-43BF-A12C-28E01BF5F60D}.Debug|x86.Build.0 = Debug|Any CPU
		{04707ACA-FB2E-43BF-A12C-28E01BF5F60D}.Release|Any CPU.ActiveCfg = Release|Any CPU
		{04707ACA-FB2E-43BF-A12C-28E01BF5F60D}.Release|Any CPU.Build.0 = Release|Any CPU
		{04707ACA-FB2E-43BF-A12C-28E01BF5F60D}.Release|x64.ActiveCfg = Release|Any CPU
		{04707ACA-FB2E-43BF-A12C-28E01BF5F60D}.Release|x64.Build.0 = Release|Any CPU
		{04707ACA-FB2E-43BF-A12C-28E01BF5F60D}.Release|x86.ActiveCfg = Release|Any CPU
		{04707ACA-FB2E-43BF-A12C-28E01BF5F60D}.Release|x86.Build.0 = Release|Any CPU
		{1201EA34-8F50-41B8-B829-FCCB62A5F14B}.Debug|Any CPU.ActiveCfg = Debug|Any CPU
		{1201EA34-8F50-41B8-B829-FCCB62A5F14B}.Debug|Any CPU.Build.0 = Debug|Any CPU
		{1201EA34-8F50-41B8-B829-FCCB62A5F14B}.Debug|x64.ActiveCfg = Debug|Any CPU
		{1201EA34-8F50-41B8-B829-FCCB62A5F14B}.Debug|x64.Build.0 = Debug|Any CPU
		{1201EA34-8F50-41B8-B829-FCCB62A5F14B}.Debug|x86.ActiveCfg = Debug|Any CPU
		{1201EA34-8F50-41B8-B829-FCCB62A5F14B}.Debug|x86.Build.0 = Debug|Any CPU
		{1201EA34-8F50-41B8-B829-FCCB62A5F14B}.Release|Any CPU.ActiveCfg = Release|Any CPU
		{1201EA34-8F50-41B8-B829-FCCB62A5F14B}.Release|Any CPU.Build.0 = Release|Any CPU
		{1201EA34-8F50-41B8-B829-FCCB62A5F14B}.Release|x64.ActiveCfg = Release|Any CPU
		{1201EA34-8F50-41B8-B829-FCCB62A5F14B}.Release|x64.Build.0 = Release|Any CPU
		{1201EA34-8F50-41B8-B829-FCCB62A5F14B}.Release|x86.ActiveCfg = Release|Any CPU
		{1201EA34-8F50-41B8-B829-FCCB62A5F14B}.Release|x86.Build.0 = Release|Any CPU
		{74E68697-7C00-401C-84A9-7BF8DAFD9D34}.Debug|Any CPU.ActiveCfg = Debug|Any CPU
		{74E68697-7C00-401C-84A9-7BF8DAFD9D34}.Debug|Any CPU.Build.0 = Debug|Any CPU
		{74E68697-7C00-401C-84A9-7BF8DAFD9D34}.Debug|x64.ActiveCfg = Debug|Any CPU
		{74E68697-7C00-401C-84A9-7BF8DAFD9D34}.Debug|x64.Build.0 = Debug|Any CPU
		{74E68697-7C00-401C-84A9-7BF8DAFD9D34}.Debug|x86.ActiveCfg = Debug|Any CPU
		{74E68697-7C00-401C-84A9-7BF8DAFD9D34}.Debug|x86.Build.0 = Debug|Any CPU
		{74E68697-7C00-401C-84A9-7BF8DAFD9D34}.Release|Any CPU.ActiveCfg = Release|Any CPU
		{74E68697-7C00-401C-84A9-7BF8DAFD9D34}.Release|Any CPU.Build.0 = Release|Any CPU
		{74E68697-7C00-401C-84A9-7BF8DAFD9D34}.Release|x64.ActiveCfg = Release|Any CPU
		{74E68697-7C00-401C-84A9-7BF8DAFD9D34}.Release|x64.Build.0 = Release|Any CPU
		{74E68697-7C00-401C-84A9-7BF8DAFD9D34}.Release|x86.ActiveCfg = Release|Any CPU
		{74E68697-7C00-401C-84A9-7BF8DAFD9D34}.Release|x86.Build.0 = Release|Any CPU
	EndGlobalSection
	GlobalSection(SolutionProperties) = preSolution
		HideSolutionNode = FALSE
	EndGlobalSection
	GlobalSection(NestedProjects) = preSolution
		{8DA5E330-53BC-4EA3-A9B8-916DABA3878C} = {02EA681E-C7D8-13C7-8484-4AC65E1B71E8}
		{EC3C3ADB-6347-4D56-8071-698E3B99FE4C} = {B7C3D08D-EFC5-4F5D-8DE4-5B7938354DBB}
		{204E4D88-48A0-4254-969A-59DB4FA09335} = {02EA681E-C7D8-13C7-8484-4AC65E1B71E8}
		{F3FE0461-63F5-47A2-A6D4-AFC4D6EA1335} = {B7C3D08D-EFC5-4F5D-8DE4-5B7938354DBB}
		{2106AE5F-8407-465B-AB0C-486127A53742} = {02EA681E-C7D8-13C7-8484-4AC65E1B71E8}
		{032D7F17-DBF8-49D6-86A8-E751ADB33D53} = {02EA681E-C7D8-13C7-8484-4AC65E1B71E8}
		{D8B4E1F6-2C7A-4F93-8B05-1E6D9A3C4B72} = {B7C3D08D-EFC5-4F5D-8DE4-5B7938354DBB}
		{47052422-15BC-482A-8FC0-65F9AAAB0291} = {02EA681E-C7D8-13C7-8484-4AC65E1B71E8}
		{2BE1F2DB-4A9E-4616-89BA-9A597B721217} = {B7C3D08D-EFC5-4F5D-8DE4-5B7938354DBB}
		{0FD6C7A3-6832-491A-96C1-F33F62C56EEB} = {F75115F0-25B9-49BC-AE36-A39F2175727A}
		{A3966512-E54A-4C4F-BFF9-AF5B1A0B132C} = {02EA681E-C7D8-13C7-8484-4AC65E1B71E8}
		{E7C09549-AD25-433A-8C56-920D26843E9D} = {B7C3D08D-EFC5-4F5D-8DE4-5B7938354DBB}
		{BB28120C-1D68-469D-928A-51AE454D2487} = {B7C3D08D-EFC5-4F5D-8DE4-5B7938354DBB}
		{7991C766-2720-43E5-A9CB-2F3D6C2025FC} = {02EA681E-C7D8-13C7-8484-4AC65E1B71E8}
		{75EA57DD-0128-4EB9-ADBE-567BFF602A93} = {B7C3D08D-EFC5-4F5D-8DE4-5B7938354DBB}
		{1FC2C501-8842-4ABE-845E-000ED6575DD6} = {B7C3D08D-EFC5-4F5D-8DE4-5B7938354DBB}
		{D12EE45B-78F8-4CD4-8E67-E4A9DDA01AE6} = {B7C3D08D-EFC5-4F5D-8DE4-5B7938354DBB}
		{04707ACA-FB2E-43BF-A12C-28E01BF5F60D} = {B7C3D08D-EFC5-4F5D-8DE4-5B7938354DBB}
		{1201EA34-8F50-41B8-B829-FCCB62A5F14B} = {B7C3D08D-EFC5-4F5D-8DE4-5B7938354DBB}
	EndGlobalSection
	GlobalSection(ExtensibilityGlobals) = postSolution
		SolutionGuid = {4988972E-3E0D-4F48-8656-0E67ECE994BF}
	EndGlobalSection
EndGlobal
